
Microsoft Visual Studio Solution File, Format Version 12.00
# Visual Studio Version 17
VisualStudioVersion = 17.7.34031.279
MinimumVisualStudioVersion = 10.0.40219.1
Project("{2150E333-8FDC-42A3-9474-1A3956D46DE8}") = "src", "src", "{24C8DC70-8285-43BB-A71B-7C19C5E8B0A0}"
EndProject
Project("{FAE04EC0-301F-11D3-BF4B-00C04F79EFBC}") = "VsaArchitecture.Api", "src\VsaArchitecture.Api\VsaArchitecture.Api.csproj", "{D94B0348-5CD3-48F4-AD96-6C1E4BB0CCB5}"
EndProject
Project("{FAE04EC0-301F-11D3-BF4B-00C04F79EFBC}") = "VsaArchitecture.Application", "src\VsaArchitecture.Application\VsaArchitecture.Application.csproj", "{ECAFADAF-D818-4A5C-AB3D-0A005C20373F}"
EndProject
Global
	GlobalSection(SolutionConfigurationPlatforms) = preSolution
		Debug|Any CPU = Debug|Any CPU
		Release|Any CPU = Release|Any CPU
	EndGlobalSection
	GlobalSection(ProjectConfigurationPlatforms) = postSolution
		{D94B0348-5CD3-48F4-AD96-6C1E4BB0CCB5}.Debug|Any CPU.ActiveCfg = Debug|Any CPU
		{D94B0348-5CD3-48F4-AD96-6C1E4BB0CCB5}.Debug|Any CPU.Build.0 = Debug|Any CPU
		{D94B0348-5CD3-48F4-AD96-6C1E4BB0CCB5}.Release|Any CPU.ActiveCfg = Release|Any CPU
		{D94B0348-5CD3-48F4-AD96-6C1E4BB0CCB5}.Release|Any CPU.Build.0 = Release|Any CPU
		{ECAFADAF-D818-4A5C-AB3D-0A005C20373F}.Debug|Any CPU.ActiveCfg = Debug|Any CPU
		{ECAFADAF-D818-4A5C-AB3D-0A005C20373F}.Debug|Any CPU.Build.0 = Debug|Any CPU
		{ECAFADAF-D818-4A5C-AB3D-0A005C20373F}.Release|Any CPU.ActiveCfg = Release|Any CPU
		{ECAFADAF-D818-4A5C-AB3D-0A005C20373F}.Release|Any CPU.Build.0 = Release|Any CPU
	EndGlobalSection
	GlobalSection(SolutionProperties) = preSolution
		HideSolutionNode = FALSE
	EndGlobalSection
	GlobalSection(NestedProjects) = preSolution
		{D94B0348-5CD3-48F4-AD96-6C1E4BB0CCB5} = {24C8DC70-8285-43BB-A71B-7C19C5E8B0A0}
		{ECAFADAF-D818-4A5C-AB3D-0A005C20373F} = {24C8DC70-8285-43BB-A71B-7C19C5E8B0A0}
	EndGlobalSection
	GlobalSection(ExtensibilityGlobals) = postSolution
		SolutionGuid = {AD9F2FD0-2EEB-4FC3-A60F-B3D712753A3D}
	EndGlobalSection
EndGlobal
